
Microsoft Visual Studio Solution File, Format Version 12.00
# Visual Studio Version 17
VisualStudioVersion = 17.0.31912.275
MinimumVisualStudioVersion = 10.0.40219.1
Project("{8BC9CEB8-8B4A-11D0-8D11-00A0C91BC942}") = "WeChatHook", "WeChatHook\WeChatHook.vcxproj", "{F8ACAF14-2E8D-4389-ACB9-E660450BF685}"
EndProject
Project("{8BC9CEB8-8B4A-11D0-8D11-00A0C91BC942}") = "L078", "L078\L078.vcxproj", "{5546EB44-1437-494E-9C49-A14873E4C294}"
EndProject
Project("{8BC9CEB8-8B4A-11D0-8D11-00A0C91BC942}") = "SQLite_WxDBHandle", "SQLite_WxDBHandle\SQLite_WxDBHandle.vcxproj", "{BC3E9997-6EAC-4F34-B16C-4F1F2F613CA0}"
EndProject
Project("{8BC9CEB8-8B4A-11D0-8D11-00A0C91BC942}") = "WeChatHookDLL", "WeChatHookDLL\WeChatHookDLL.vcxproj", "{F5E5BC3F-5BE2-4AFB-8F4F-F205B353FEA5}"
EndProject
Project("{8BC9CEB8-8B4A-11D0-8D11-00A0C91BC942}") = "wangzhahook", "wangzhahook\hook.vcxproj", "{CCB05164-51D2-425B-BD9C-15352D5D6DDD}"
EndProject
Project("{8BC9CEB8-8B4A-11D0-8D11-00A0C91BC942}") = "DataCollectUtil", "DataCollectUtil\DataCollectUtil.vcxproj", "{52DFF789-512F-4B8F-BCEF-3309153265BA}"
EndProject
Global
	GlobalSection(SolutionConfigurationPlatforms) = preSolution
		Debug|x64 = Debug|x64
		Debug|x86 = Debug|x86
		Release|x64 = Release|x64
		Release|x86 = Release|x86
	EndGlobalSection
	GlobalSection(ProjectConfigurationPlatforms) = postSolution
		{F8ACAF14-2E8D-4389-ACB9-E660450BF685}.Debug|x64.ActiveCfg = Debug|x64
		{F8ACAF14-2E8D-4389-ACB9-E660450BF685}.Debug|x64.Build.0 = Debug|x64
		{F8ACAF14-2E8D-4389-ACB9-E660450BF685}.Debug|x86.ActiveCfg = Debug|Win32
		{F8ACAF14-2E8D-4389-ACB9-E660450BF685}.Debug|x86.Build.0 = Debug|Win32
		{F8ACAF14-2E8D-4389-ACB9-E660450BF685}.Release|x64.ActiveCfg = Release|x64
		{F8ACAF14-2E8D-4389-ACB9-E660450BF685}.Release|x64.Build.0 = Release|x64
		{F8ACAF14-2E8D-4389-ACB9-E660450BF685}.Release|x86.ActiveCfg = Release|Win32
		{F8ACAF14-2E8D-4389-ACB9-E660450BF685}.Release|x86.Build.0 = Release|Win32
		{5546EB44-1437-494E-9C49-A14873E4C294}.Debug|x64.ActiveCfg = Debug|x64
		{5546EB44-1437-494E-9C49-A14873E4C294}.Debug|x64.Build.0 = Debug|x64
		{5546EB44-1437-494E-9C49-A14873E4C294}.Debug|x86.ActiveCfg = Debug|Win32
		{5546EB44-1437-494E-9C49-A14873E4C294}.Debug|x86.Build.0 = Debug|Win32
		{5546EB44-1437-494E-9C49-A14873E4C294}.Release|x64.ActiveCfg = Release|x64
		{5546EB44-1437-494E-9C49-A14873E4C294}.Release|x64.Build.0 = Release|x64
		{5546EB44-1437-494E-9C49-A14873E4C294}.Release|x86.ActiveCfg = Release|Win32
		{5546EB44-1437-494E-9C49-A14873E4C294}.Release|x86.Build.0 = Release|Win32
		{BC3E9997-6EAC-4F34-B16C-4F1F2F613CA0}.Debug|x64.ActiveCfg = Debug|x64
		{BC3E9997-6EAC-4F34-B16C-4F1F2F613CA0}.Debug|x64.Build.0 = Debug|x64
		{BC3E9997-6EAC-4F34-B16C-4F1F2F613CA0}.Debug|x86.ActiveCfg = Debug|Win32
		{BC3E9997-6EAC-4F34-B16C-4F1F2F613CA0}.Debug|x86.Build.0 = Debug|Win32
		{BC3E9997-6EAC-4F34-B16C-4F1F2F613CA0}.Release|x64.ActiveCfg = Release|x64
		{BC3E9997-6EAC-4F34-B16C-4F1F2F613CA0}.Release|x64.Build.0 = Release|x64
		{BC3E9997-6EAC-4F34-B16C-4F1F2F613CA0}.Release|x86.ActiveCfg = Release|Win32
		{BC3E9997-6EAC-4F34-B16C-4F1F2F613CA0}.Release|x86.Build.0 = Release|Win32
		{F5E5BC3F-5BE2-4AFB-8F4F-F205B353FEA5}.Debug|x64.ActiveCfg = Debug|x64
		{F5E5BC3F-5BE2-4AFB-8F4F-F205B353FEA5}.Debug|x64.Build.0 = Debug|x64
		{F5E5BC3F-5BE2-4AFB-8F4F-F205B353FEA5}.Debug|x86.ActiveCfg = Debug|Win32
		{F5E5BC3F-5BE2-4AFB-8F4F-F205B353FEA5}.Debug|x86.Build.0 = Debug|Win32
		{F5E5BC3F-5BE2-4AFB-8F4F-F205B353FEA5}.Release|x64.ActiveCfg = Release|x64
		{F5E5BC3F-5BE2-4AFB-8F4F-F205B353FEA5}.Release|x64.Build.0 = Release|x64
		{F5E5BC3F-5BE2-4AFB-8F4F-F205B353FEA5}.Release|x86.ActiveCfg = Release|Win32
		{F5E5BC3F-5BE2-4AFB-8F4F-F205B353FEA5}.Release|x86.Build.0 = Release|Win32
		{CCB05164-51D2-425B-BD9C-15352D5D6DDD}.Debug|x64.ActiveCfg = Debug|x64
		{CCB05164-51D2-425B-BD9C-15352D5D6DDD}.Debug|x64.Build.0 = Debug|x64
		{CCB05164-51D2-425B-BD9C-15352D5D6DDD}.Debug|x86.ActiveCfg = Debug|Win32
		{CCB05164-51D2-425B-BD9C-15352D5D6DDD}.Debug|x86.Build.0 = Debug|Win32
		{CCB05164-51D2-425B-BD9C-15352D5D6DDD}.Release|x64.ActiveCfg = Release|x64
		{CCB05164-51D2-425B-BD9C-15352D5D6DDD}.Release|x64.Build.0 = Release|x64
		{CCB05164-51D2-425B-BD9C-15352D5D6DDD}.Release|x86.ActiveCfg = Release|Win32
		{CCB05164-51D2-425B-BD9C-15352D5D6DDD}.Release|x86.Build.0 = Release|Win32
		{52DFF789-512F-4B8F-BCEF-3309153265BA}.Debug|x64.ActiveCfg = Debug|x64
		{52DFF789-512F-4B8F-BCEF-3309153265BA}.Debug|x64.Build.0 = Debug|x64
		{52DFF789-512F-4B8F-BCEF-3309153265BA}.Debug|x86.ActiveCfg = Debug|Win32
		{52DFF789-512F-4B8F-BCEF-3309153265BA}.Debug|x86.Build.0 = Debug|Win32
		{52DFF789-512F-4B8F-BCEF-3309153265BA}.Release|x64.ActiveCfg = Release|x64
		{52DFF789-512F-4B8F-BCEF-3309153265BA}.Release|x64.Build.0 = Release|x64
		{52DFF789-512F-4B8F-BCEF-3309153265BA}.Release|x86.ActiveCfg = Release|Win32
		{52DFF789-512F-4B8F-BCEF-3309153265BA}.Release|x86.Build.0 = Release|Win32
	EndGlobalSection
	GlobalSection(SolutionProperties) = preSolution
		HideSolutionNode = FALSE
	EndGlobalSection
	GlobalSection(ExtensibilityGlobals) = postSolution
		SolutionGuid = {F8FBF8ED-0D54-4EFA-B0FC-AD1273DDC331}
	EndGlobalSection
EndGlobal
